
Microsoft Visual Studio Solution File, Format Version 12.00
# Visual Studio Version 16
VisualStudioVersion = 16.0.29613.14
MinimumVisualStudioVersion = 10.0.40219.1
Project("{9A19103F-16F7-4668-BE54-9A1E7A4F7556}") = "microservicelearning", "microservicelearning.csproj", "{94145219-F013-47DF-808B-111AAFB1DD7A}"
EndProject
Global
	GlobalSection(SolutionConfigurationPlatforms) = preSolution
		Debug|Any CPU = Debug|Any CPU
		Release|Any CPU = Release|Any CPU
	EndGlobalSection
	GlobalSection(ProjectConfigurationPlatforms) = postSolution
		{94145219-F013-47DF-808B-111AAFB1DD7A}.Debug|Any CPU.ActiveCfg = Debug|Any CPU
		{94145219-F013-47DF-808B-111AAFB1DD7A}.Debug|Any CPU.Build.0 = Debug|Any CPU
		{94145219-F013-47DF-808B-111AAFB1DD7A}.Release|Any CPU.ActiveCfg = Release|Any CPU
		{94145219-F013-47DF-808B-111AAFB1DD7A}.Release|Any CPU.Build.0 = Release|Any CPU
	EndGlobalSection
	GlobalSection(SolutionProperties) = preSolution
		HideSolutionNode = FALSE
	EndGlobalSection
	GlobalSection(ExtensibilityGlobals) = postSolution
		SolutionGuid = {CB84BBA4-010F-497D-9BA3-1B794B0C3874}
	EndGlobalSection
EndGlobal
